// !$*UTF8*$!
{
	archiveVersion = 1;
	classes = {
	};
	objectVersion = 51;
	objects = {

/* Begin PBXBuildFile section */
		4443128DA3117CC3FAC69BC6 /* Pods_ABA_MusicUITests.framework in Frameworks */ = {isa = PBXBuildFile; fileRef = F1325838F46456027B52F079 /* Pods_ABA_MusicUITests.framework */; };
		861067A0F6F540EE0EB4889F /* Pods_ABA_Music.framework in Frameworks */ = {isa = PBXBuildFile; fileRef = E05B3E277D1E98033BCBA05D /* Pods_ABA_Music.framework */; };
		8B0CEE4321B54C2700C39C58 /* Artist.swift in Sources */ = {isa = PBXBuildFile; fileRef = 8B0CEE4221B54C2700C39C58 /* Artist.swift */; };
		8B4699BC21975EE100A82349 /* TrackDetailsViewController.swift in Sources */ = {isa = PBXBuildFile; fileRef = 8B4699BB21975EE100A82349 /* TrackDetailsViewController.swift */; };
		8BC33F4A21944CDE00E3759C /* AppDelegate.swift in Sources */ = {isa = PBXBuildFile; fileRef = 8BC33F4921944CDE00E3759C /* AppDelegate.swift */; };
		8BC33F4C21944CDE00E3759C /* HomeViewController.swift in Sources */ = {isa = PBXBuildFile; fileRef = 8BC33F4B21944CDE00E3759C /* HomeViewController.swift */; };
		8BC33F5121944CDF00E3759C /* Assets.xcassets in Resources */ = {isa = PBXBuildFile; fileRef = 8BC33F5021944CDF00E3759C /* Assets.xcassets */; };
		8BC33F5421944CDF00E3759C /* LaunchScreen.storyboard in Resources */ = {isa = PBXBuildFile; fileRef = 8BC33F5221944CDF00E3759C /* LaunchScreen.storyboard */; };
		980D63085AC1F41300E2D288 /* Pods_ABA_MusicTests.framework in Frameworks */ = {isa = PBXBuildFile; fileRef = A3CC18A205AAE9C8AE379516 /* Pods_ABA_MusicTests.framework */; };
		9F03E987234E2AFE000E0BA6 /* TrackPlayerViewController.swift in Sources */ = {isa = PBXBuildFile; fileRef = 9F03E986234E2AFE000E0BA6 /* TrackPlayerViewController.swift */; };
		9F03E989234E2B13000E0BA6 /* TrackPlayerViewModel.swift in Sources */ = {isa = PBXBuildFile; fileRef = 9F03E988234E2B13000E0BA6 /* TrackPlayerViewModel.swift */; };
		9F03E997234E60A5000E0BA6 /* SearchResultCollectionViewModel.swift in Sources */ = {isa = PBXBuildFile; fileRef = 9F03E996234E60A5000E0BA6 /* SearchResultCollectionViewModel.swift */; };
		9F03E99B234E750F000E0BA6 /* SearchResultTableCell.swift in Sources */ = {isa = PBXBuildFile; fileRef = 9F03E999234E750F000E0BA6 /* SearchResultTableCell.swift */; };
		9F03E99C234E750F000E0BA6 /* SearchResultTableCell.xib in Resources */ = {isa = PBXBuildFile; fileRef = 9F03E99A234E750F000E0BA6 /* SearchResultTableCell.xib */; };
		9F03E99E234E764A000E0BA6 /* SearchResultTableViewModel.swift in Sources */ = {isa = PBXBuildFile; fileRef = 9F03E99D234E764A000E0BA6 /* SearchResultTableViewModel.swift */; };
		9F0A2C11234C9A10008ECED3 /* HomeViewModel.swift in Sources */ = {isa = PBXBuildFile; fileRef = 9F0A2C10234C9A10008ECED3 /* HomeViewModel.swift */; };
		9F0A2C13234C9A1B008ECED3 /* TrackDetailsViewModel.swift in Sources */ = {isa = PBXBuildFile; fileRef = 9F0A2C12234C9A1B008ECED3 /* TrackDetailsViewModel.swift */; };
		9F12F80B234E1E0800CECB1A /* Search.storyboard in Resources */ = {isa = PBXBuildFile; fileRef = 9F12F80A234E1E0800CECB1A /* Search.storyboard */; };
		9F372DD3234E818500016EBB /* SearchResultCollectionCell.swift in Sources */ = {isa = PBXBuildFile; fileRef = 9F372DD1234E818500016EBB /* SearchResultCollectionCell.swift */; };
		9F372DD4234E818500016EBB /* SearchResultCollectionCell.xib in Resources */ = {isa = PBXBuildFile; fileRef = 9F372DD2234E818500016EBB /* SearchResultCollectionCell.xib */; };
		9F5CB4D72352031100E8D039 /* ApplicationUITests.swift in Sources */ = {isa = PBXBuildFile; fileRef = 9F5CB4D62352031100E8D039 /* ApplicationUITests.swift */; };
		9F5CB4D92352032D00E8D039 /* NavigationUITests.swift in Sources */ = {isa = PBXBuildFile; fileRef = 9F5CB4D82352032D00E8D039 /* NavigationUITests.swift */; };
		9F5CB4DB2352338600E8D039 /* MockSearchRepository.swift in Sources */ = {isa = PBXBuildFile; fileRef = 9F5CB4DA2352338600E8D039 /* MockSearchRepository.swift */; };
		9F5CB4DD2352341B00E8D039 /* MockDataSourceControllerDelegate.swift in Sources */ = {isa = PBXBuildFile; fileRef = 9F5CB4DC2352341B00E8D039 /* MockDataSourceControllerDelegate.swift */; };
		9F5CB4DF2352356E00E8D039 /* Artist+Mock.swift in Sources */ = {isa = PBXBuildFile; fileRef = 9F5CB4DE2352356D00E8D039 /* Artist+Mock.swift */; };
		9F5CB4E1235235AA00E8D039 /* Track+Mock.swift in Sources */ = {isa = PBXBuildFile; fileRef = 9F5CB4E0235235AA00E8D039 /* Track+Mock.swift */; };
		9F5CB4E32352382200E8D039 /* HomeViewModelTests.swift in Sources */ = {isa = PBXBuildFile; fileRef = 9F5CB4E22352382200E8D039 /* HomeViewModelTests.swift */; };
		9F5CB4E523523DB000E8D039 /* MockHomeViewModelDelegate.swift in Sources */ = {isa = PBXBuildFile; fileRef = 9F5CB4E423523DB000E8D039 /* MockHomeViewModelDelegate.swift */; };
		9F647DC72351FB160076D281 /* SearchStub.swift in Sources */ = {isa = PBXBuildFile; fileRef = 9F647DC62351FB160076D281 /* SearchStub.swift */; };
		9F6896EE234BAF3000502EC8 /* SearchService.swift in Sources */ = {isa = PBXBuildFile; fileRef = 9F6896ED234BAF3000502EC8 /* SearchService.swift */; };
		9F6896F0234BAF5F00502EC8 /* SearchServiceType.swift in Sources */ = {isa = PBXBuildFile; fileRef = 9F6896EF234BAF5F00502EC8 /* SearchServiceType.swift */; };
		9F6896F3234BB21E00502EC8 /* Track.swift in Sources */ = {isa = PBXBuildFile; fileRef = 9F6896F2234BB21E00502EC8 /* Track.swift */; };
		9F6896F6234BB27100502EC8 /* SearchResponse.swift in Sources */ = {isa = PBXBuildFile; fileRef = 9F6896F5234BB27100502EC8 /* SearchResponse.swift */; };
		9F964616234BBC3E00EAA3F2 /* SearchRepository.swift in Sources */ = {isa = PBXBuildFile; fileRef = 9F964615234BBC3E00EAA3F2 /* SearchRepository.swift */; };
		9F964619234BC76000EAA3F2 /* SearchRepositoryTypes.swift in Sources */ = {isa = PBXBuildFile; fileRef = 9F964618234BC76000EAA3F2 /* SearchRepositoryTypes.swift */; };
		9F96461B234BCA5C00EAA3F2 /* Artist+Mapper.swift in Sources */ = {isa = PBXBuildFile; fileRef = 9F96461A234BCA5C00EAA3F2 /* Artist+Mapper.swift */; };
		9F96461D234BCA7900EAA3F2 /* Track+Mapper.swift in Sources */ = {isa = PBXBuildFile; fileRef = 9F96461C234BCA7900EAA3F2 /* Track+Mapper.swift */; };
		9FA39600234F131900C7D9E8 /* SearchResultTableModel.swift in Sources */ = {isa = PBXBuildFile; fileRef = 9FA395FF234F131900C7D9E8 /* SearchResultTableModel.swift */; };
		9FA39603234F3A3000C7D9E8 /* DateFormatter+Format.swift in Sources */ = {isa = PBXBuildFile; fileRef = 9FA39602234F3A3000C7D9E8 /* DateFormatter+Format.swift */; };
		9FA39607234FACE900C7D9E8 /* Jackson_albumTerm.json in Resources */ = {isa = PBXBuildFile; fileRef = 9FA39606234FACE900C7D9E8 /* Jackson_albumTerm.json */; };
		9FA39609234FB03C00C7D9E8 /* Rebirth_albumTerm.json in Resources */ = {isa = PBXBuildFile; fileRef = 9FA39608234FB03C00C7D9E8 /* Rebirth_albumTerm.json */; };
		9FA3960B234FB07000C7D9E8 /* EmptyResponse_albumTerm.json in Resources */ = {isa = PBXBuildFile; fileRef = 9FA3960A234FB07000C7D9E8 /* EmptyResponse_albumTerm.json */; };
		9FA3960D234FB97800C7D9E8 /* Jackson_songTerm.json in Resources */ = {isa = PBXBuildFile; fileRef = 9FA3960C234FB97800C7D9E8 /* Jackson_songTerm.json */; };
		9FA3960F234FBB3B00C7D9E8 /* Lady Madonna_songTerm.json in Resources */ = {isa = PBXBuildFile; fileRef = 9FA3960E234FBB3B00C7D9E8 /* Lady Madonna_songTerm.json */; };
		9FA39611234FBB6900C7D9E8 /* EmptyResponse_songTerm.json in Resources */ = {isa = PBXBuildFile; fileRef = 9FA39610234FBB6900C7D9E8 /* EmptyResponse_songTerm.json */; };
		9FAB224F23509034004324E2 /* EdgeInsetsLabel.swift in Sources */ = {isa = PBXBuildFile; fileRef = 9FAB224E23509034004324E2 /* EdgeInsetsLabel.swift */; };
		9FAB22512350A16A004324E2 /* UINavigationController+Rotation.swift in Sources */ = {isa = PBXBuildFile; fileRef = 9FAB22502350A16A004324E2 /* UINavigationController+Rotation.swift */; };
		9FAB22552350BBB6004324E2 /* AppConfiguration.swift in Sources */ = {isa = PBXBuildFile; fileRef = 9FAB22542350BBB6004324E2 /* AppConfiguration.swift */; };
		9FAB22582350BCE6004324E2 /* AppConfiguration_production.json in Resources */ = {isa = PBXBuildFile; fileRef = 9FAB22572350BCE6004324E2 /* AppConfiguration_production.json */; };
		9FAB225A2350D16C004324E2 /* HomeViewControllerTests.swift in Sources */ = {isa = PBXBuildFile; fileRef = 9FAB22592350D16C004324E2 /* HomeViewControllerTests.swift */; };
		9FAB225E2350DBF9004324E2 /* MockTrackDetailsViewModel.swift in Sources */ = {isa = PBXBuildFile; fileRef = 9FAB225D2350DBF9004324E2 /* MockTrackDetailsViewModel.swift */; };
		9FAB22602350DD23004324E2 /* TrackDetailsViewControllerTests.swift in Sources */ = {isa = PBXBuildFile; fileRef = 9FAB225F2350DD23004324E2 /* TrackDetailsViewControllerTests.swift */; };
		9FAB227823510055004324E2 /* BaseUITestCase.swift in Sources */ = {isa = PBXBuildFile; fileRef = 9FAB226523510055004324E2 /* BaseUITestCase.swift */; };
		9FAB228423510055004324E2 /* MockServer.swift in Sources */ = {isa = PBXBuildFile; fileRef = 9FAB227323510055004324E2 /* MockServer.swift */; };
		9FAB228523510055004324E2 /* HttpStubInfo.swift in Sources */ = {isa = PBXBuildFile; fileRef = 9FAB227423510055004324E2 /* HttpStubInfo.swift */; };
		9FAB22872351019B004324E2 /* AppConfiguration_uiTests.json in Resources */ = {isa = PBXBuildFile; fileRef = 9FAB22862351019B004324E2 /* AppConfiguration_uiTests.json */; };
		9FAB228A23510B71004324E2 /* SearchUITests.swift in Sources */ = {isa = PBXBuildFile; fileRef = 9FAB228923510B71004324E2 /* SearchUITests.swift */; };
		9FAB228C235133DB004324E2 /* SearchResponses.json in Resources */ = {isa = PBXBuildFile; fileRef = 9FAB228B235133DB004324E2 /* SearchResponses.json */; };
		9FC65DD1234CC7E000728BD0 /* Reusable.swift in Sources */ = {isa = PBXBuildFile; fileRef = 9FC65DD0234CC7E000728BD0 /* Reusable.swift */; };
		9FE92AC2234C86C500BD4AA1 /* MockSearchService.swift in Sources */ = {isa = PBXBuildFile; fileRef = 9FE92AC1234C86C500BD4AA1 /* MockSearchService.swift */; };
		9FE92AC9234C86CD00BD4AA1 /* SearchRepositoryTests.swift in Sources */ = {isa = PBXBuildFile; fileRef = 9FE92AC4234C86CD00BD4AA1 /* SearchRepositoryTests.swift */; };
		9FE92ACA234C86CD00BD4AA1 /* Beatles_artistTerm.json in Resources */ = {isa = PBXBuildFile; fileRef = 9FE92AC6234C86CD00BD4AA1 /* Beatles_artistTerm.json */; };
		9FE92ACB234C86CD00BD4AA1 /* EmptyResponse_artistTerm.json in Resources */ = {isa = PBXBuildFile; fileRef = 9FE92AC7234C86CD00BD4AA1 /* EmptyResponse_artistTerm.json */; };
		9FE92ACC234C86CD00BD4AA1 /* Jackson_artistTerm.json in Resources */ = {isa = PBXBuildFile; fileRef = 9FE92AC8234C86CD00BD4AA1 /* Jackson_artistTerm.json */; };
/* End PBXBuildFile section */

/* Begin PBXContainerItemProxy section */
		8BC33F5B21944CDF00E3759C /* PBXContainerItemProxy */ = {
			isa = PBXContainerItemProxy;
			containerPortal = 8BC33F3E21944CDE00E3759C /* Project object */;
			proxyType = 1;
			remoteGlobalIDString = 8BC33F4521944CDE00E3759C;
			remoteInfo = "ABA Music";
		};
		8BC33F6621944CDF00E3759C /* PBXContainerItemProxy */ = {
			isa = PBXContainerItemProxy;
			containerPortal = 8BC33F3E21944CDE00E3759C /* Project object */;
			proxyType = 1;
			remoteGlobalIDString = 8BC33F4521944CDE00E3759C;
			remoteInfo = "ABA Music";
		};
/* End PBXContainerItemProxy section */

/* Begin PBXFileReference section */
		1464AEF378D341A8EE5DA71D /* Pods-ABA MusicUITests.debug.xcconfig */ = {isa = PBXFileReference; includeInIndex = 1; lastKnownFileType = text.xcconfig; name = "Pods-ABA MusicUITests.debug.xcconfig"; path = "Pods/Target Support Files/Pods-ABA MusicUITests/Pods-ABA MusicUITests.debug.xcconfig"; sourceTree = "<group>"; };
		45ED02C84F597252B53B6A63 /* Pods-ABA MusicUITests.release.xcconfig */ = {isa = PBXFileReference; includeInIndex = 1; lastKnownFileType = text.xcconfig; name = "Pods-ABA MusicUITests.release.xcconfig"; path = "Pods/Target Support Files/Pods-ABA MusicUITests/Pods-ABA MusicUITests.release.xcconfig"; sourceTree = "<group>"; };
		5559EF89746914D3CD9937D8 /* Pods-ABA MusicTests.debug.xcconfig */ = {isa = PBXFileReference; includeInIndex = 1; lastKnownFileType = text.xcconfig; name = "Pods-ABA MusicTests.debug.xcconfig"; path = "Pods/Target Support Files/Pods-ABA MusicTests/Pods-ABA MusicTests.debug.xcconfig"; sourceTree = "<group>"; };
		581F2A21C841711C6B8A69A9 /* Pods-ABA MusicTests.release.xcconfig */ = {isa = PBXFileReference; includeInIndex = 1; lastKnownFileType = text.xcconfig; name = "Pods-ABA MusicTests.release.xcconfig"; path = "Pods/Target Support Files/Pods-ABA MusicTests/Pods-ABA MusicTests.release.xcconfig"; sourceTree = "<group>"; };
		71DEC0EE01917AA36C5F79A0 /* Pods-ABA Music.debug.xcconfig */ = {isa = PBXFileReference; includeInIndex = 1; lastKnownFileType = text.xcconfig; name = "Pods-ABA Music.debug.xcconfig"; path = "Pods/Target Support Files/Pods-ABA Music/Pods-ABA Music.debug.xcconfig"; sourceTree = "<group>"; };
		8128708AB1E783950E2487E6 /* Pods-ABA Music.release.xcconfig */ = {isa = PBXFileReference; includeInIndex = 1; lastKnownFileType = text.xcconfig; name = "Pods-ABA Music.release.xcconfig"; path = "Pods/Target Support Files/Pods-ABA Music/Pods-ABA Music.release.xcconfig"; sourceTree = "<group>"; };
		8B0CEE4221B54C2700C39C58 /* Artist.swift */ = {isa = PBXFileReference; lastKnownFileType = sourcecode.swift; path = Artist.swift; sourceTree = "<group>"; };
		8B4699BB21975EE100A82349 /* TrackDetailsViewController.swift */ = {isa = PBXFileReference; lastKnownFileType = sourcecode.swift; path = TrackDetailsViewController.swift; sourceTree = "<group>"; };
		8BC33F4621944CDE00E3759C /* ABA Music.app */ = {isa = PBXFileReference; explicitFileType = wrapper.application; includeInIndex = 0; path = "ABA Music.app"; sourceTree = BUILT_PRODUCTS_DIR; };
		8BC33F4921944CDE00E3759C /* AppDelegate.swift */ = {isa = PBXFileReference; lastKnownFileType = sourcecode.swift; path = AppDelegate.swift; sourceTree = "<group>"; };
		8BC33F4B21944CDE00E3759C /* HomeViewController.swift */ = {isa = PBXFileReference; lastKnownFileType = sourcecode.swift; path = HomeViewController.swift; sourceTree = "<group>"; };
		8BC33F5021944CDF00E3759C /* Assets.xcassets */ = {isa = PBXFileReference; lastKnownFileType = folder.assetcatalog; path = Assets.xcassets; sourceTree = "<group>"; };
		8BC33F5321944CDF00E3759C /* Base */ = {isa = PBXFileReference; lastKnownFileType = file.storyboard; name = Base; path = Base.lproj/LaunchScreen.storyboard; sourceTree = "<group>"; };
		8BC33F5521944CDF00E3759C /* Info.plist */ = {isa = PBXFileReference; lastKnownFileType = text.plist.xml; path = Info.plist; sourceTree = "<group>"; };
		8BC33F5A21944CDF00E3759C /* ABA MusicTests.xctest */ = {isa = PBXFileReference; explicitFileType = wrapper.cfbundle; includeInIndex = 0; path = "ABA MusicTests.xctest"; sourceTree = BUILT_PRODUCTS_DIR; };
		8BC33F6021944CDF00E3759C /* Info.plist */ = {isa = PBXFileReference; lastKnownFileType = text.plist.xml; path = Info.plist; sourceTree = "<group>"; };
		8BC33F6521944CDF00E3759C /* ABA MusicUITests.xctest */ = {isa = PBXFileReference; explicitFileType = wrapper.cfbundle; includeInIndex = 0; path = "ABA MusicUITests.xctest"; sourceTree = BUILT_PRODUCTS_DIR; };
		8BC33F6B21944CDF00E3759C /* Info.plist */ = {isa = PBXFileReference; lastKnownFileType = text.plist.xml; path = Info.plist; sourceTree = "<group>"; };
		9F03E986234E2AFE000E0BA6 /* TrackPlayerViewController.swift */ = {isa = PBXFileReference; lastKnownFileType = sourcecode.swift; path = TrackPlayerViewController.swift; sourceTree = "<group>"; };
		9F03E988234E2B13000E0BA6 /* TrackPlayerViewModel.swift */ = {isa = PBXFileReference; lastKnownFileType = sourcecode.swift; path = TrackPlayerViewModel.swift; sourceTree = "<group>"; };
		9F03E996234E60A5000E0BA6 /* SearchResultCollectionViewModel.swift */ = {isa = PBXFileReference; lastKnownFileType = sourcecode.swift; path = SearchResultCollectionViewModel.swift; sourceTree = "<group>"; };
		9F03E999234E750F000E0BA6 /* SearchResultTableCell.swift */ = {isa = PBXFileReference; lastKnownFileType = sourcecode.swift; path = SearchResultTableCell.swift; sourceTree = "<group>"; };
		9F03E99A234E750F000E0BA6 /* SearchResultTableCell.xib */ = {isa = PBXFileReference; lastKnownFileType = file.xib; path = SearchResultTableCell.xib; sourceTree = "<group>"; };
		9F03E99D234E764A000E0BA6 /* SearchResultTableViewModel.swift */ = {isa = PBXFileReference; lastKnownFileType = sourcecode.swift; path = SearchResultTableViewModel.swift; sourceTree = "<group>"; };
		9F0A2C10234C9A10008ECED3 /* HomeViewModel.swift */ = {isa = PBXFileReference; lastKnownFileType = sourcecode.swift; path = HomeViewModel.swift; sourceTree = "<group>"; };
		9F0A2C12234C9A1B008ECED3 /* TrackDetailsViewModel.swift */ = {isa = PBXFileReference; lastKnownFileType = sourcecode.swift; path = TrackDetailsViewModel.swift; sourceTree = "<group>"; };
		9F12F80A234E1E0800CECB1A /* Search.storyboard */ = {isa = PBXFileReference; lastKnownFileType = file.storyboard; path = Search.storyboard; sourceTree = "<group>"; };
		9F372DD1234E818500016EBB /* SearchResultCollectionCell.swift */ = {isa = PBXFileReference; lastKnownFileType = sourcecode.swift; path = SearchResultCollectionCell.swift; sourceTree = "<group>"; };
		9F372DD2234E818500016EBB /* SearchResultCollectionCell.xib */ = {isa = PBXFileReference; lastKnownFileType = file.xib; path = SearchResultCollectionCell.xib; sourceTree = "<group>"; };
		9F5CB4D62352031100E8D039 /* ApplicationUITests.swift */ = {isa = PBXFileReference; lastKnownFileType = sourcecode.swift; path = ApplicationUITests.swift; sourceTree = "<group>"; };
		9F5CB4D82352032D00E8D039 /* NavigationUITests.swift */ = {isa = PBXFileReference; lastKnownFileType = sourcecode.swift; path = NavigationUITests.swift; sourceTree = "<group>"; };
		9F5CB4DA2352338600E8D039 /* MockSearchRepository.swift */ = {isa = PBXFileReference; lastKnownFileType = sourcecode.swift; path = MockSearchRepository.swift; sourceTree = "<group>"; };
		9F5CB4DC2352341B00E8D039 /* MockDataSourceControllerDelegate.swift */ = {isa = PBXFileReference; lastKnownFileType = sourcecode.swift; path = MockDataSourceControllerDelegate.swift; sourceTree = "<group>"; };
		9F5CB4DE2352356D00E8D039 /* Artist+Mock.swift */ = {isa = PBXFileReference; lastKnownFileType = sourcecode.swift; path = "Artist+Mock.swift"; sourceTree = "<group>"; };
		9F5CB4E0235235AA00E8D039 /* Track+Mock.swift */ = {isa = PBXFileReference; lastKnownFileType = sourcecode.swift; path = "Track+Mock.swift"; sourceTree = "<group>"; };
		9F5CB4E22352382200E8D039 /* HomeViewModelTests.swift */ = {isa = PBXFileReference; lastKnownFileType = sourcecode.swift; path = HomeViewModelTests.swift; sourceTree = "<group>"; };
		9F5CB4E423523DB000E8D039 /* MockHomeViewModelDelegate.swift */ = {isa = PBXFileReference; lastKnownFileType = sourcecode.swift; path = MockHomeViewModelDelegate.swift; sourceTree = "<group>"; };
		9F647DC62351FB160076D281 /* SearchStub.swift */ = {isa = PBXFileReference; lastKnownFileType = sourcecode.swift; path = SearchStub.swift; sourceTree = "<group>"; };
		9F6896ED234BAF3000502EC8 /* SearchService.swift */ = {isa = PBXFileReference; lastKnownFileType = sourcecode.swift; path = SearchService.swift; sourceTree = "<group>"; };
		9F6896EF234BAF5F00502EC8 /* SearchServiceType.swift */ = {isa = PBXFileReference; lastKnownFileType = sourcecode.swift; path = SearchServiceType.swift; sourceTree = "<group>"; };
		9F6896F2234BB21E00502EC8 /* Track.swift */ = {isa = PBXFileReference; lastKnownFileType = sourcecode.swift; path = Track.swift; sourceTree = "<group>"; };
		9F6896F5234BB27100502EC8 /* SearchResponse.swift */ = {isa = PBXFileReference; lastKnownFileType = sourcecode.swift; path = SearchResponse.swift; sourceTree = "<group>"; };
		9F964615234BBC3E00EAA3F2 /* SearchRepository.swift */ = {isa = PBXFileReference; lastKnownFileType = sourcecode.swift; path = SearchRepository.swift; sourceTree = "<group>"; };
		9F964618234BC76000EAA3F2 /* SearchRepositoryTypes.swift */ = {isa = PBXFileReference; lastKnownFileType = sourcecode.swift; path = SearchRepositoryTypes.swift; sourceTree = "<group>"; };
		9F96461A234BCA5C00EAA3F2 /* Artist+Mapper.swift */ = {isa = PBXFileReference; lastKnownFileType = sourcecode.swift; path = "Artist+Mapper.swift"; sourceTree = "<group>"; };
		9F96461C234BCA7900EAA3F2 /* Track+Mapper.swift */ = {isa = PBXFileReference; lastKnownFileType = sourcecode.swift; path = "Track+Mapper.swift"; sourceTree = "<group>"; };
		9FA395FF234F131900C7D9E8 /* SearchResultTableModel.swift */ = {isa = PBXFileReference; lastKnownFileType = sourcecode.swift; path = SearchResultTableModel.swift; sourceTree = "<group>"; };
		9FA39602234F3A3000C7D9E8 /* DateFormatter+Format.swift */ = {isa = PBXFileReference; lastKnownFileType = sourcecode.swift; path = "DateFormatter+Format.swift"; sourceTree = "<group>"; };
		9FA39606234FACE900C7D9E8 /* Jackson_albumTerm.json */ = {isa = PBXFileReference; lastKnownFileType = text.json; path = Jackson_albumTerm.json; sourceTree = "<group>"; };
		9FA39608234FB03C00C7D9E8 /* Rebirth_albumTerm.json */ = {isa = PBXFileReference; lastKnownFileType = text.json; path = Rebirth_albumTerm.json; sourceTree = "<group>"; };
		9FA3960A234FB07000C7D9E8 /* EmptyResponse_albumTerm.json */ = {isa = PBXFileReference; lastKnownFileType = text.json; path = EmptyResponse_albumTerm.json; sourceTree = "<group>"; };
		9FA3960C234FB97800C7D9E8 /* Jackson_songTerm.json */ = {isa = PBXFileReference; lastKnownFileType = text.json; path = Jackson_songTerm.json; sourceTree = "<group>"; };
		9FA3960E234FBB3B00C7D9E8 /* Lady Madonna_songTerm.json */ = {isa = PBXFileReference; lastKnownFileType = text.json; path = "Lady Madonna_songTerm.json"; sourceTree = "<group>"; };
		9FA39610234FBB6900C7D9E8 /* EmptyResponse_songTerm.json */ = {isa = PBXFileReference; lastKnownFileType = text.json; path = EmptyResponse_songTerm.json; sourceTree = "<group>"; };
		9FAB224E23509034004324E2 /* EdgeInsetsLabel.swift */ = {isa = PBXFileReference; lastKnownFileType = sourcecode.swift; path = EdgeInsetsLabel.swift; sourceTree = "<group>"; };
		9FAB22502350A16A004324E2 /* UINavigationController+Rotation.swift */ = {isa = PBXFileReference; lastKnownFileType = sourcecode.swift; path = "UINavigationController+Rotation.swift"; sourceTree = "<group>"; };
		9FAB22542350BBB6004324E2 /* AppConfiguration.swift */ = {isa = PBXFileReference; lastKnownFileType = sourcecode.swift; path = AppConfiguration.swift; sourceTree = "<group>"; };
		9FAB22572350BCE6004324E2 /* AppConfiguration_production.json */ = {isa = PBXFileReference; lastKnownFileType = text.json; path = AppConfiguration_production.json; sourceTree = "<group>"; };
		9FAB22592350D16C004324E2 /* HomeViewControllerTests.swift */ = {isa = PBXFileReference; lastKnownFileType = sourcecode.swift; path = HomeViewControllerTests.swift; sourceTree = "<group>"; };
		9FAB225D2350DBF9004324E2 /* MockTrackDetailsViewModel.swift */ = {isa = PBXFileReference; lastKnownFileType = sourcecode.swift; path = MockTrackDetailsViewModel.swift; sourceTree = "<group>"; };
		9FAB225F2350DD23004324E2 /* TrackDetailsViewControllerTests.swift */ = {isa = PBXFileReference; lastKnownFileType = sourcecode.swift; path = TrackDetailsViewControllerTests.swift; sourceTree = "<group>"; };
		9FAB226523510055004324E2 /* BaseUITestCase.swift */ = {isa = PBXFileReference; fileEncoding = 4; lastKnownFileType = sourcecode.swift; path = BaseUITestCase.swift; sourceTree = "<group>"; };
		9FAB227323510055004324E2 /* MockServer.swift */ = {isa = PBXFileReference; fileEncoding = 4; lastKnownFileType = sourcecode.swift; path = MockServer.swift; sourceTree = "<group>"; };
		9FAB227423510055004324E2 /* HttpStubInfo.swift */ = {isa = PBXFileReference; fileEncoding = 4; lastKnownFileType = sourcecode.swift; path = HttpStubInfo.swift; sourceTree = "<group>"; };
		9FAB22862351019B004324E2 /* AppConfiguration_uiTests.json */ = {isa = PBXFileReference; lastKnownFileType = text.json; path = AppConfiguration_uiTests.json; sourceTree = "<group>"; };
		9FAB228923510B71004324E2 /* SearchUITests.swift */ = {isa = PBXFileReference; lastKnownFileType = sourcecode.swift; path = SearchUITests.swift; sourceTree = "<group>"; };
		9FAB228B235133DB004324E2 /* SearchResponses.json */ = {isa = PBXFileReference; lastKnownFileType = text.json; path = SearchResponses.json; sourceTree = "<group>"; };
		9FC65DD0234CC7E000728BD0 /* Reusable.swift */ = {isa = PBXFileReference; lastKnownFileType = sourcecode.swift; path = Reusable.swift; sourceTree = "<group>"; };
		9FE92AC1234C86C500BD4AA1 /* MockSearchService.swift */ = {isa = PBXFileReference; fileEncoding = 4; lastKnownFileType = sourcecode.swift; path = MockSearchService.swift; sourceTree = "<group>"; };
		9FE92AC4234C86CD00BD4AA1 /* SearchRepositoryTests.swift */ = {isa = PBXFileReference; fileEncoding = 4; lastKnownFileType = sourcecode.swift; path = SearchRepositoryTests.swift; sourceTree = "<group>"; };
		9FE92AC6234C86CD00BD4AA1 /* Beatles_artistTerm.json */ = {isa = PBXFileReference; fileEncoding = 4; lastKnownFileType = text.json; path = Beatles_artistTerm.json; sourceTree = "<group>"; };
		9FE92AC7234C86CD00BD4AA1 /* EmptyResponse_artistTerm.json */ = {isa = PBXFileReference; fileEncoding = 4; lastKnownFileType = text.json; path = EmptyResponse_artistTerm.json; sourceTree = "<group>"; };
		9FE92AC8234C86CD00BD4AA1 /* Jackson_artistTerm.json */ = {isa = PBXFileReference; fileEncoding = 4; lastKnownFileType = text.json; path = Jackson_artistTerm.json; sourceTree = "<group>"; };
		A3CC18A205AAE9C8AE379516 /* Pods_ABA_MusicTests.framework */ = {isa = PBXFileReference; explicitFileType = wrapper.framework; includeInIndex = 0; path = Pods_ABA_MusicTests.framework; sourceTree = BUILT_PRODUCTS_DIR; };
		E05B3E277D1E98033BCBA05D /* Pods_ABA_Music.framework */ = {isa = PBXFileReference; explicitFileType = wrapper.framework; includeInIndex = 0; path = Pods_ABA_Music.framework; sourceTree = BUILT_PRODUCTS_DIR; };
		F1325838F46456027B52F079 /* Pods_ABA_MusicUITests.framework */ = {isa = PBXFileReference; explicitFileType = wrapper.framework; includeInIndex = 0; path = Pods_ABA_MusicUITests.framework; sourceTree = BUILT_PRODUCTS_DIR; };
/* End PBXFileReference section */

/* Begin PBXFrameworksBuildPhase section */
		8BC33F4321944CDE00E3759C /* Frameworks */ = {
			isa = PBXFrameworksBuildPhase;
			buildActionMask = 2147483647;
			files = (
				861067A0F6F540EE0EB4889F /* Pods_ABA_Music.framework in Frameworks */,
			);
			runOnlyForDeploymentPostprocessing = 0;
		};
		8BC33F5721944CDF00E3759C /* Frameworks */ = {
			isa = PBXFrameworksBuildPhase;
			buildActionMask = 2147483647;
			files = (
				980D63085AC1F41300E2D288 /* Pods_ABA_MusicTests.framework in Frameworks */,
			);
			runOnlyForDeploymentPostprocessing = 0;
		};
		8BC33F6221944CDF00E3759C /* Frameworks */ = {
			isa = PBXFrameworksBuildPhase;
			buildActionMask = 2147483647;
			files = (
				4443128DA3117CC3FAC69BC6 /* Pods_ABA_MusicUITests.framework in Frameworks */,
			);
			runOnlyForDeploymentPostprocessing = 0;
		};
/* End PBXFrameworksBuildPhase section */

/* Begin PBXGroup section */
		8B0CEE4521B54C6900C39C58 /* View controllers */ = {
			isa = PBXGroup;
			children = (
				9F0A2C14234CB8C2008ECED3 /* Home */,
				9F0A2C15234CB8CB008ECED3 /* Track details */,
				9F03E985234E2AD8000E0BA6 /* Track player */,
			);
			path = "View controllers";
			sourceTree = "<group>";
		};
		8B0CEE4621B54C8800C39C58 /* Models */ = {
			isa = PBXGroup;
			children = (
				8B0CEE4221B54C2700C39C58 /* Artist.swift */,
				9F96461A234BCA5C00EAA3F2 /* Artist+Mapper.swift */,
				9F6896F2234BB21E00502EC8 /* Track.swift */,
				9F96461C234BCA7900EAA3F2 /* Track+Mapper.swift */,
			);
			path = Models;
			sourceTree = "<group>";
		};
		8B0CEE4721B5723300C39C58 /* Application */ = {
			isa = PBXGroup;
			children = (
				9FAB22562350BCB3004324E2 /* Configuration files */,
				9FAB22542350BBB6004324E2 /* AppConfiguration.swift */,
				8BC33F4921944CDE00E3759C /* AppDelegate.swift */,
			);
			path = Application;
			sourceTree = "<group>";
		};
		8BC33F3D21944CDE00E3759C = {
			isa = PBXGroup;
			children = (
				8BC33F4821944CDE00E3759C /* ABA Music */,
				8BC33F5D21944CDF00E3759C /* ABA MusicTests */,
				8BC33F6821944CDF00E3759C /* ABA MusicUITests */,
				8BC33F4721944CDE00E3759C /* Products */,
				8E23556507A773AF7566731B /* Pods */,
				CD115EEF2EF5580EEB68B4F6 /* Frameworks */,
			);
			sourceTree = "<group>";
		};
		8BC33F4721944CDE00E3759C /* Products */ = {
			isa = PBXGroup;
			children = (
				8BC33F4621944CDE00E3759C /* ABA Music.app */,
				8BC33F5A21944CDF00E3759C /* ABA MusicTests.xctest */,
				8BC33F6521944CDF00E3759C /* ABA MusicUITests.xctest */,
			);
			name = Products;
			sourceTree = "<group>";
		};
		8BC33F4821944CDE00E3759C /* ABA Music */ = {
			isa = PBXGroup;
			children = (
				8B0CEE4721B5723300C39C58 /* Application */,
				9FA39601234F39FF00C7D9E8 /* Extensions */,
				8B0CEE4621B54C8800C39C58 /* Models */,
				9F964614234BBBDB00EAA3F2 /* Repositories */,
				9F6896EC234BAF0500502EC8 /* Services */,
				9FAB22522350B757004324E2 /* Views & view models */,
				8BC33F5021944CDF00E3759C /* Assets.xcassets */,
				8BC33F5521944CDF00E3759C /* Info.plist */,
			);
			path = "ABA Music";
			sourceTree = "<group>";
		};
		8BC33F5D21944CDF00E3759C /* ABA MusicTests */ = {
			isa = PBXGroup;
			children = (
				9FE92AC0234C86C500BD4AA1 /* Mocks */,
				9FE92AC5234C86CD00BD4AA1 /* Resources */,
				9FE92AC3234C86CD00BD4AA1 /* Source */,
				8BC33F6021944CDF00E3759C /* Info.plist */,
			);
			path = "ABA MusicTests";
			sourceTree = "<group>";
		};
		8BC33F6821944CDF00E3759C /* ABA MusicUITests */ = {
			isa = PBXGroup;
			children = (
				9FAB226723510055004324E2 /* MockServer */,
				9FAB22882351052C004324E2 /* Source */,
				8BC33F6B21944CDF00E3759C /* Info.plist */,
			);
			path = "ABA MusicUITests";
			sourceTree = "<group>";
		};
		8E23556507A773AF7566731B /* Pods */ = {
			isa = PBXGroup;
			children = (
				71DEC0EE01917AA36C5F79A0 /* Pods-ABA Music.debug.xcconfig */,
				8128708AB1E783950E2487E6 /* Pods-ABA Music.release.xcconfig */,
				5559EF89746914D3CD9937D8 /* Pods-ABA MusicTests.debug.xcconfig */,
				581F2A21C841711C6B8A69A9 /* Pods-ABA MusicTests.release.xcconfig */,
				1464AEF378D341A8EE5DA71D /* Pods-ABA MusicUITests.debug.xcconfig */,
				45ED02C84F597252B53B6A63 /* Pods-ABA MusicUITests.release.xcconfig */,
			);
			name = Pods;
			sourceTree = "<group>";
		};
		9F03E985234E2AD8000E0BA6 /* Track player */ = {
			isa = PBXGroup;
			children = (
				9F03E986234E2AFE000E0BA6 /* TrackPlayerViewController.swift */,
				9F03E988234E2B13000E0BA6 /* TrackPlayerViewModel.swift */,
			);
			path = "Track player";
			sourceTree = "<group>";
		};
		9F03E991234E606C000E0BA6 /* Search result collection */ = {
			isa = PBXGroup;
			children = (
				9F372DD1234E818500016EBB /* SearchResultCollectionCell.swift */,
				9F372DD2234E818500016EBB /* SearchResultCollectionCell.xib */,
				9F03E996234E60A5000E0BA6 /* SearchResultCollectionViewModel.swift */,
			);
			path = "Search result collection";
			sourceTree = "<group>";
		};
		9F03E998234E74C4000E0BA6 /* Search result table */ = {
			isa = PBXGroup;
			children = (
				9F03E999234E750F000E0BA6 /* SearchResultTableCell.swift */,
				9F03E99A234E750F000E0BA6 /* SearchResultTableCell.xib */,
				9F03E99D234E764A000E0BA6 /* SearchResultTableViewModel.swift */,
				9FA395FF234F131900C7D9E8 /* SearchResultTableModel.swift */,
			);
			path = "Search result table";
			sourceTree = "<group>";
		};
		9F0A2C0D234C9884008ECED3 /* Cells */ = {
			isa = PBXGroup;
			children = (
				9FC65DD0234CC7E000728BD0 /* Reusable.swift */,
				9F03E991234E606C000E0BA6 /* Search result collection */,
				9F03E998234E74C4000E0BA6 /* Search result table */,
			);
			path = Cells;
			sourceTree = "<group>";
		};
		9F0A2C14234CB8C2008ECED3 /* Home */ = {
			isa = PBXGroup;
			children = (
				8BC33F4B21944CDE00E3759C /* HomeViewController.swift */,
				9F0A2C10234C9A10008ECED3 /* HomeViewModel.swift */,
			);
			path = Home;
			sourceTree = "<group>";
		};
		9F0A2C15234CB8CB008ECED3 /* Track details */ = {
			isa = PBXGroup;
			children = (
				8B4699BB21975EE100A82349 /* TrackDetailsViewController.swift */,
				9F0A2C12234C9A1B008ECED3 /* TrackDetailsViewModel.swift */,
			);
			path = "Track details";
			sourceTree = "<group>";
		};
		9F12F809234E1DE600CECB1A /* Storyboards */ = {
			isa = PBXGroup;
			children = (
				8BC33F5221944CDF00E3759C /* LaunchScreen.storyboard */,
				9F12F80A234E1E0800CECB1A /* Search.storyboard */,
			);
			path = Storyboards;
			sourceTree = "<group>";
		};
		9F647DC32351FADA0076D281 /* Tests */ = {
			isa = PBXGroup;
			children = (
				9F5CB4D62352031100E8D039 /* ApplicationUITests.swift */,
				9FAB226523510055004324E2 /* BaseUITestCase.swift */,
				9F5CB4D82352032D00E8D039 /* NavigationUITests.swift */,
				9FAB228923510B71004324E2 /* SearchUITests.swift */,
			);
			path = Tests;
			sourceTree = "<group>";
		};
		9F647DC42351FAE80076D281 /* Server responses */ = {
			isa = PBXGroup;
			children = (
				9FAB228B235133DB004324E2 /* SearchResponses.json */,
			);
			path = "Server responses";
			sourceTree = "<group>";
		};
		9F647DC52351FAF70076D281 /* HttpStubs */ = {
			isa = PBXGroup;
			children = (
				9F647DC62351FB160076D281 /* SearchStub.swift */,
			);
			path = HttpStubs;
			sourceTree = "<group>";
		};
		9F6896EC234BAF0500502EC8 /* Services */ = {
			isa = PBXGroup;
			children = (
				9F6896F4234BB25900502EC8 /* Models */,
				9F6896F1234BAF6400502EC8 /* Protocols */,
				9F6896ED234BAF3000502EC8 /* SearchService.swift */,
			);
			path = Services;
			sourceTree = "<group>";
		};
		9F6896F1234BAF6400502EC8 /* Protocols */ = {
			isa = PBXGroup;
			children = (
				9F6896EF234BAF5F00502EC8 /* SearchServiceType.swift */,
			);
			path = Protocols;
			sourceTree = "<group>";
		};
		9F6896F4234BB25900502EC8 /* Models */ = {
			isa = PBXGroup;
			children = (
				9F6896F5234BB27100502EC8 /* SearchResponse.swift */,
			);
			path = Models;
			sourceTree = "<group>";
		};
		9F964614234BBBDB00EAA3F2 /* Repositories */ = {
			isa = PBXGroup;
			children = (
				9F964617234BC74D00EAA3F2 /* Protocols */,
				9F964615234BBC3E00EAA3F2 /* SearchRepository.swift */,
			);
			path = Repositories;
			sourceTree = "<group>";
		};
		9F964617234BC74D00EAA3F2 /* Protocols */ = {
			isa = PBXGroup;
			children = (
				9F964618234BC76000EAA3F2 /* SearchRepositoryTypes.swift */,
			);
			path = Protocols;
			sourceTree = "<group>";
		};
		9FA39601234F39FF00C7D9E8 /* Extensions */ = {
			isa = PBXGroup;
			children = (
				9FA39602234F3A3000C7D9E8 /* DateFormatter+Format.swift */,
				9FAB22502350A16A004324E2 /* UINavigationController+Rotation.swift */,
			);
			path = Extensions;
			sourceTree = "<group>";
		};
		9FAB224D23509022004324E2 /* View subclasses */ = {
			isa = PBXGroup;
			children = (
				9FAB224E23509034004324E2 /* EdgeInsetsLabel.swift */,
			);
			path = "View subclasses";
			sourceTree = "<group>";
		};
		9FAB22522350B757004324E2 /* Views & view models */ = {
			isa = PBXGroup;
			children = (
				9F0A2C0D234C9884008ECED3 /* Cells */,
				9F12F809234E1DE600CECB1A /* Storyboards */,
				9FAB224D23509022004324E2 /* View subclasses */,
				8B0CEE4521B54C6900C39C58 /* View controllers */,
			);
			path = "Views & view models";
			sourceTree = "<group>";
		};
		9FAB22562350BCB3004324E2 /* Configuration files */ = {
			isa = PBXGroup;
			children = (
				9FAB22572350BCE6004324E2 /* AppConfiguration_production.json */,
				9FAB22862351019B004324E2 /* AppConfiguration_uiTests.json */,
			);
			path = "Configuration files";
			sourceTree = "<group>";
		};
		9FAB226723510055004324E2 /* MockServer */ = {
			isa = PBXGroup;
			children = (
				9FAB227423510055004324E2 /* HttpStubInfo.swift */,
				9FAB227323510055004324E2 /* MockServer.swift */,
			);
			path = MockServer;
			sourceTree = "<group>";
		};
		9FAB22882351052C004324E2 /* Source */ = {
			isa = PBXGroup;
			children = (
				9F647DC52351FAF70076D281 /* HttpStubs */,
				9F647DC42351FAE80076D281 /* Server responses */,
				9F647DC32351FADA0076D281 /* Tests */,
			);
			path = Source;
			sourceTree = "<group>";
		};
		9FE92AC0234C86C500BD4AA1 /* Mocks */ = {
			isa = PBXGroup;
			children = (
				9F5CB4DE2352356D00E8D039 /* Artist+Mock.swift */,
				9F5CB4DC2352341B00E8D039 /* MockDataSourceControllerDelegate.swift */,
				9F5CB4E423523DB000E8D039 /* MockHomeViewModelDelegate.swift */,
				9F5CB4DA2352338600E8D039 /* MockSearchRepository.swift */,
				9FE92AC1234C86C500BD4AA1 /* MockSearchService.swift */,
				9FAB225D2350DBF9004324E2 /* MockTrackDetailsViewModel.swift */,
				9F5CB4E0235235AA00E8D039 /* Track+Mock.swift */,
			);
			path = Mocks;
			sourceTree = "<group>";
		};
		9FE92AC3234C86CD00BD4AA1 /* Source */ = {
			isa = PBXGroup;
			children = (
				9F5CB4E22352382200E8D039 /* HomeViewModelTests.swift */,
				9FAB22592350D16C004324E2 /* HomeViewControllerTests.swift */,
				9FE92AC4234C86CD00BD4AA1 /* SearchRepositoryTests.swift */,
				9FAB225F2350DD23004324E2 /* TrackDetailsViewControllerTests.swift */,
			);
			path = Source;
			sourceTree = "<group>";
		};
		9FE92AC5234C86CD00BD4AA1 /* Resources */ = {
			isa = PBXGroup;
			children = (
				9FE92AC6234C86CD00BD4AA1 /* Beatles_artistTerm.json */,
				9FE92AC7234C86CD00BD4AA1 /* EmptyResponse_artistTerm.json */,
				9FA3960A234FB07000C7D9E8 /* EmptyResponse_albumTerm.json */,
				9FA39610234FBB6900C7D9E8 /* EmptyResponse_songTerm.json */,
				9FA39606234FACE900C7D9E8 /* Jackson_albumTerm.json */,
				9FE92AC8234C86CD00BD4AA1 /* Jackson_artistTerm.json */,
				9FA3960C234FB97800C7D9E8 /* Jackson_songTerm.json */,
				9FA39608234FB03C00C7D9E8 /* Rebirth_albumTerm.json */,
				9FA3960E234FBB3B00C7D9E8 /* Lady Madonna_songTerm.json */,
			);
			path = Resources;
			sourceTree = "<group>";
		};
		CD115EEF2EF5580EEB68B4F6 /* Frameworks */ = {
			isa = PBXGroup;
			children = (
				E05B3E277D1E98033BCBA05D /* Pods_ABA_Music.framework */,
				A3CC18A205AAE9C8AE379516 /* Pods_ABA_MusicTests.framework */,
				F1325838F46456027B52F079 /* Pods_ABA_MusicUITests.framework */,
			);
			name = Frameworks;
			sourceTree = "<group>";
		};
/* End PBXGroup section */

/* Begin PBXNativeTarget section */
		8BC33F4521944CDE00E3759C /* ABA Music */ = {
			isa = PBXNativeTarget;
			buildConfigurationList = 8BC33F6E21944CDF00E3759C /* Build configuration list for PBXNativeTarget "ABA Music" */;
			buildPhases = (
				2833473AED96F35E6725C839 /* [CP] Check Pods Manifest.lock */,
				8BC33F4221944CDE00E3759C /* Sources */,
				8BC33F4321944CDE00E3759C /* Frameworks */,
				8BC33F4421944CDE00E3759C /* Resources */,
				51028B6A99A2CFAD3917951F /* [CP] Embed Pods Frameworks */,
			);
			buildRules = (
			);
			dependencies = (
			);
			name = "ABA Music";
			productName = "ABA Music";
			productReference = 8BC33F4621944CDE00E3759C /* ABA Music.app */;
			productType = "com.apple.product-type.application";
		};
		8BC33F5921944CDF00E3759C /* ABA MusicTests */ = {
			isa = PBXNativeTarget;
			buildConfigurationList = 8BC33F7121944CDF00E3759C /* Build configuration list for PBXNativeTarget "ABA MusicTests" */;
			buildPhases = (
				0F25C84261C5B691F708DEE1 /* [CP] Check Pods Manifest.lock */,
				8BC33F5621944CDF00E3759C /* Sources */,
				8BC33F5721944CDF00E3759C /* Frameworks */,
				8BC33F5821944CDF00E3759C /* Resources */,
				A5DF90A0ED8E7A47ADF76EAF /* [CP] Embed Pods Frameworks */,
			);
			buildRules = (
			);
			dependencies = (
				8BC33F5C21944CDF00E3759C /* PBXTargetDependency */,
			);
			name = "ABA MusicTests";
			productName = "ABA MusicTests";
			productReference = 8BC33F5A21944CDF00E3759C /* ABA MusicTests.xctest */;
			productType = "com.apple.product-type.bundle.unit-test";
		};
		8BC33F6421944CDF00E3759C /* ABA MusicUITests */ = {
			isa = PBXNativeTarget;
			buildConfigurationList = 8BC33F7421944CDF00E3759C /* Build configuration list for PBXNativeTarget "ABA MusicUITests" */;
			buildPhases = (
				874351A11810941FEC1DEBDC /* [CP] Check Pods Manifest.lock */,
				8BC33F6121944CDF00E3759C /* Sources */,
				8BC33F6221944CDF00E3759C /* Frameworks */,
				8BC33F6321944CDF00E3759C /* Resources */,
				48BEC950591CE8A8C672D59B /* [CP] Embed Pods Frameworks */,
			);
			buildRules = (
			);
			dependencies = (
				8BC33F6721944CDF00E3759C /* PBXTargetDependency */,
			);
			name = "ABA MusicUITests";
			productName = "ABA MusicUITests";
			productReference = 8BC33F6521944CDF00E3759C /* ABA MusicUITests.xctest */;
			productType = "com.apple.product-type.bundle.ui-testing";
		};
/* End PBXNativeTarget section */

/* Begin PBXProject section */
		8BC33F3E21944CDE00E3759C /* Project object */ = {
			isa = PBXProject;
			attributes = {
				LastSwiftUpdateCheck = 1010;
				LastUpgradeCheck = 1010;
				ORGANIZATIONNAME = "ABA English";
				TargetAttributes = {
					8BC33F4521944CDE00E3759C = {
						CreatedOnToolsVersion = 10.1;
						LastSwiftMigration = 1110;
					};
					8BC33F5921944CDF00E3759C = {
						CreatedOnToolsVersion = 10.1;
						LastSwiftMigration = 1110;
						TestTargetID = 8BC33F4521944CDE00E3759C;
					};
					8BC33F6421944CDF00E3759C = {
						CreatedOnToolsVersion = 10.1;
						LastSwiftMigration = 1110;
						TestTargetID = 8BC33F4521944CDE00E3759C;
					};
				};
			};
			buildConfigurationList = 8BC33F4121944CDE00E3759C /* Build configuration list for PBXProject "ABA Music" */;
			compatibilityVersion = "Xcode 9.3";
			developmentRegion = en;
			hasScannedForEncodings = 0;
			knownRegions = (
				en,
				Base,
			);
			mainGroup = 8BC33F3D21944CDE00E3759C;
			productRefGroup = 8BC33F4721944CDE00E3759C /* Products */;
			projectDirPath = "";
			projectRoot = "";
			targets = (
				8BC33F4521944CDE00E3759C /* ABA Music */,
				8BC33F5921944CDF00E3759C /* ABA MusicTests */,
				8BC33F6421944CDF00E3759C /* ABA MusicUITests */,
			);
		};
/* End PBXProject section */

/* Begin PBXResourcesBuildPhase section */
		8BC33F4421944CDE00E3759C /* Resources */ = {
			isa = PBXResourcesBuildPhase;
			buildActionMask = 2147483647;
			files = (
				9FAB22582350BCE6004324E2 /* AppConfiguration_production.json in Resources */,
				9F03E99C234E750F000E0BA6 /* SearchResultTableCell.xib in Resources */,
				9F372DD4234E818500016EBB /* SearchResultCollectionCell.xib in Resources */,
				9FAB22872351019B004324E2 /* AppConfiguration_uiTests.json in Resources */,
				8BC33F5421944CDF00E3759C /* LaunchScreen.storyboard in Resources */,
				9F12F80B234E1E0800CECB1A /* Search.storyboard in Resources */,
				8BC33F5121944CDF00E3759C /* Assets.xcassets in Resources */,
			);
			runOnlyForDeploymentPostprocessing = 0;
		};
		8BC33F5821944CDF00E3759C /* Resources */ = {
			isa = PBXResourcesBuildPhase;
			buildActionMask = 2147483647;
			files = (
				9FA3960F234FBB3B00C7D9E8 /* Lady Madonna_songTerm.json in Resources */,
				9FA3960B234FB07000C7D9E8 /* EmptyResponse_albumTerm.json in Resources */,
				9FE92ACB234C86CD00BD4AA1 /* EmptyResponse_artistTerm.json in Resources */,
				9FA3960D234FB97800C7D9E8 /* Jackson_songTerm.json in Resources */,
				9FA39611234FBB6900C7D9E8 /* EmptyResponse_songTerm.json in Resources */,
				9FE92ACA234C86CD00BD4AA1 /* Beatles_artistTerm.json in Resources */,
				9FE92ACC234C86CD00BD4AA1 /* Jackson_artistTerm.json in Resources */,
				9FA39607234FACE900C7D9E8 /* Jackson_albumTerm.json in Resources */,
				9FA39609234FB03C00C7D9E8 /* Rebirth_albumTerm.json in Resources */,
			);
			runOnlyForDeploymentPostprocessing = 0;
		};
		8BC33F6321944CDF00E3759C /* Resources */ = {
			isa = PBXResourcesBuildPhase;
			buildActionMask = 2147483647;
			files = (
				9FAB228C235133DB004324E2 /* SearchResponses.json in Resources */,
			);
			runOnlyForDeploymentPostprocessing = 0;
		};
/* End PBXResourcesBuildPhase section */

/* Begin PBXShellScriptBuildPhase section */
		0F25C84261C5B691F708DEE1 /* [CP] Check Pods Manifest.lock */ = {
			isa = PBXShellScriptBuildPhase;
			buildActionMask = 2147483647;
			files = (
			);
			inputFileListPaths = (
			);
			inputPaths = (
				"${PODS_PODFILE_DIR_PATH}/Podfile.lock",
				"${PODS_ROOT}/Manifest.lock",
			);
			name = "[CP] Check Pods Manifest.lock";
			outputFileListPaths = (
			);
			outputPaths = (
				"$(DERIVED_FILE_DIR)/Pods-ABA MusicTests-checkManifestLockResult.txt",
			);
			runOnlyForDeploymentPostprocessing = 0;
			shellPath = /bin/sh;
			shellScript = "diff \"${PODS_PODFILE_DIR_PATH}/Podfile.lock\" \"${PODS_ROOT}/Manifest.lock\" > /dev/null\nif [ $? != 0 ] ; then\n    # print error to STDERR\n    echo \"error: The sandbox is not in sync with the Podfile.lock. Run 'pod install' or update your CocoaPods installation.\" >&2\n    exit 1\nfi\n# This output is used by Xcode 'outputs' to avoid re-running this script phase.\necho \"SUCCESS\" > \"${SCRIPT_OUTPUT_FILE_0}\"\n";
			showEnvVarsInLog = 0;
		};
		2833473AED96F35E6725C839 /* [CP] Check Pods Manifest.lock */ = {
			isa = PBXShellScriptBuildPhase;
			buildActionMask = 2147483647;
			files = (
			);
			inputFileListPaths = (
			);
			inputPaths = (
				"${PODS_PODFILE_DIR_PATH}/Podfile.lock",
				"${PODS_ROOT}/Manifest.lock",
			);
			name = "[CP] Check Pods Manifest.lock";
			outputFileListPaths = (
			);
			outputPaths = (
				"$(DERIVED_FILE_DIR)/Pods-ABA Music-checkManifestLockResult.txt",
			);
			runOnlyForDeploymentPostprocessing = 0;
			shellPath = /bin/sh;
			shellScript = "diff \"${PODS_PODFILE_DIR_PATH}/Podfile.lock\" \"${PODS_ROOT}/Manifest.lock\" > /dev/null\nif [ $? != 0 ] ; then\n    # print error to STDERR\n    echo \"error: The sandbox is not in sync with the Podfile.lock. Run 'pod install' or update your CocoaPods installation.\" >&2\n    exit 1\nfi\n# This output is used by Xcode 'outputs' to avoid re-running this script phase.\necho \"SUCCESS\" > \"${SCRIPT_OUTPUT_FILE_0}\"\n";
			showEnvVarsInLog = 0;
		};
		48BEC950591CE8A8C672D59B /* [CP] Embed Pods Frameworks */ = {
			isa = PBXShellScriptBuildPhase;
			buildActionMask = 2147483647;
			files = (
			);
			inputFileListPaths = (
				"${PODS_ROOT}/Target Support Files/Pods-ABA MusicUITests/Pods-ABA MusicUITests-frameworks-${CONFIGURATION}-input-files.xcfilelist",
			);
			name = "[CP] Embed Pods Frameworks";
			outputFileListPaths = (
				"${PODS_ROOT}/Target Support Files/Pods-ABA MusicUITests/Pods-ABA MusicUITests-frameworks-${CONFIGURATION}-output-files.xcfilelist",
			);
			runOnlyForDeploymentPostprocessing = 0;
			shellPath = /bin/sh;
			shellScript = "\"${PODS_ROOT}/Target Support Files/Pods-ABA MusicUITests/Pods-ABA MusicUITests-frameworks.sh\"\n";
			showEnvVarsInLog = 0;
		};
		51028B6A99A2CFAD3917951F /* [CP] Embed Pods Frameworks */ = {
			isa = PBXShellScriptBuildPhase;
			buildActionMask = 2147483647;
			files = (
			);
			inputFileListPaths = (
				"${PODS_ROOT}/Target Support Files/Pods-ABA Music/Pods-ABA Music-frameworks-${CONFIGURATION}-input-files.xcfilelist",
			);
			name = "[CP] Embed Pods Frameworks";
			outputFileListPaths = (
				"${PODS_ROOT}/Target Support Files/Pods-ABA Music/Pods-ABA Music-frameworks-${CONFIGURATION}-output-files.xcfilelist",
			);
			runOnlyForDeploymentPostprocessing = 0;
			shellPath = /bin/sh;
			shellScript = "\"${PODS_ROOT}/Target Support Files/Pods-ABA Music/Pods-ABA Music-frameworks.sh\"\n";
			showEnvVarsInLog = 0;
		};
		874351A11810941FEC1DEBDC /* [CP] Check Pods Manifest.lock */ = {
			isa = PBXShellScriptBuildPhase;
			buildActionMask = 2147483647;
			files = (
			);
			inputFileListPaths = (
			);
			inputPaths = (
				"${PODS_PODFILE_DIR_PATH}/Podfile.lock",
				"${PODS_ROOT}/Manifest.lock",
			);
			name = "[CP] Check Pods Manifest.lock";
			outputFileListPaths = (
			);
			outputPaths = (
				"$(DERIVED_FILE_DIR)/Pods-ABA MusicUITests-checkManifestLockResult.txt",
			);
			runOnlyForDeploymentPostprocessing = 0;
			shellPath = /bin/sh;
			shellScript = "diff \"${PODS_PODFILE_DIR_PATH}/Podfile.lock\" \"${PODS_ROOT}/Manifest.lock\" > /dev/null\nif [ $? != 0 ] ; then\n    # print error to STDERR\n    echo \"error: The sandbox is not in sync with the Podfile.lock. Run 'pod install' or update your CocoaPods installation.\" >&2\n    exit 1\nfi\n# This output is used by Xcode 'outputs' to avoid re-running this script phase.\necho \"SUCCESS\" > \"${SCRIPT_OUTPUT_FILE_0}\"\n";
			showEnvVarsInLog = 0;
		};
		A5DF90A0ED8E7A47ADF76EAF /* [CP] Embed Pods Frameworks */ = {
			isa = PBXShellScriptBuildPhase;
			buildActionMask = 2147483647;
			files = (
			);
			inputFileListPaths = (
				"${PODS_ROOT}/Target Support Files/Pods-ABA MusicTests/Pods-ABA MusicTests-frameworks-${CONFIGURATION}-input-files.xcfilelist",
			);
			name = "[CP] Embed Pods Frameworks";
			outputFileListPaths = (
				"${PODS_ROOT}/Target Support Files/Pods-ABA MusicTests/Pods-ABA MusicTests-frameworks-${CONFIGURATION}-output-files.xcfilelist",
			);
			runOnlyForDeploymentPostprocessing = 0;
			shellPath = /bin/sh;
			shellScript = "\"${PODS_ROOT}/Target Support Files/Pods-ABA MusicTests/Pods-ABA MusicTests-frameworks.sh\"\n";
			showEnvVarsInLog = 0;
		};
/* End PBXShellScriptBuildPhase section */

/* Begin PBXSourcesBuildPhase section */
		8BC33F4221944CDE00E3759C /* Sources */ = {
			isa = PBXSourcesBuildPhase;
			buildActionMask = 2147483647;
			files = (
				9F964619234BC76000EAA3F2 /* SearchRepositoryTypes.swift in Sources */,
				9F03E987234E2AFE000E0BA6 /* TrackPlayerViewController.swift in Sources */,
				9F6896F6234BB27100502EC8 /* SearchResponse.swift in Sources */,
				8BC33F4C21944CDE00E3759C /* HomeViewController.swift in Sources */,
				9F0A2C11234C9A10008ECED3 /* HomeViewModel.swift in Sources */,
				9FC65DD1234CC7E000728BD0 /* Reusable.swift in Sources */,
				9F96461B234BCA5C00EAA3F2 /* Artist+Mapper.swift in Sources */,
				9F6896F3234BB21E00502EC8 /* Track.swift in Sources */,
				9F964616234BBC3E00EAA3F2 /* SearchRepository.swift in Sources */,
				9FAB22512350A16A004324E2 /* UINavigationController+Rotation.swift in Sources */,
				9F6896F0234BAF5F00502EC8 /* SearchServiceType.swift in Sources */,
				9F03E997234E60A5000E0BA6 /* SearchResultCollectionViewModel.swift in Sources */,
				9F372DD3234E818500016EBB /* SearchResultCollectionCell.swift in Sources */,
				8BC33F4A21944CDE00E3759C /* AppDelegate.swift in Sources */,
				8B4699BC21975EE100A82349 /* TrackDetailsViewController.swift in Sources */,
				9F0A2C13234C9A1B008ECED3 /* TrackDetailsViewModel.swift in Sources */,
				9FAB22552350BBB6004324E2 /* AppConfiguration.swift in Sources */,
				8B0CEE4321B54C2700C39C58 /* Artist.swift in Sources */,
				9F03E989234E2B13000E0BA6 /* TrackPlayerViewModel.swift in Sources */,
				9F03E99E234E764A000E0BA6 /* SearchResultTableViewModel.swift in Sources */,
				9F6896EE234BAF3000502EC8 /* SearchService.swift in Sources */,
				9FAB224F23509034004324E2 /* EdgeInsetsLabel.swift in Sources */,
				9FA39603234F3A3000C7D9E8 /* DateFormatter+Format.swift in Sources */,
				9F03E99B234E750F000E0BA6 /* SearchResultTableCell.swift in Sources */,
				9F96461D234BCA7900EAA3F2 /* Track+Mapper.swift in Sources */,
				9FA39600234F131900C7D9E8 /* SearchResultTableModel.swift in Sources */,
			);
			runOnlyForDeploymentPostprocessing = 0;
		};
		8BC33F5621944CDF00E3759C /* Sources */ = {
			isa = PBXSourcesBuildPhase;
			buildActionMask = 2147483647;
			files = (
				9F5CB4DF2352356E00E8D039 /* Artist+Mock.swift in Sources */,
				9F5CB4DD2352341B00E8D039 /* MockDataSourceControllerDelegate.swift in Sources */,
				9FE92AC2234C86C500BD4AA1 /* MockSearchService.swift in Sources */,
				9FAB225A2350D16C004324E2 /* HomeViewControllerTests.swift in Sources */,
				9FE92AC9234C86CD00BD4AA1 /* SearchRepositoryTests.swift in Sources */,
				9F5CB4E32352382200E8D039 /* HomeViewModelTests.swift in Sources */,
				9F5CB4DB2352338600E8D039 /* MockSearchRepository.swift in Sources */,
				9FAB225E2350DBF9004324E2 /* MockTrackDetailsViewModel.swift in Sources */,
				9FAB22602350DD23004324E2 /* TrackDetailsViewControllerTests.swift in Sources */,
				9F5CB4E523523DB000E8D039 /* MockHomeViewModelDelegate.swift in Sources */,
				9F5CB4E1235235AA00E8D039 /* Track+Mock.swift in Sources */,
			);
			runOnlyForDeploymentPostprocessing = 0;
		};
		8BC33F6121944CDF00E3759C /* Sources */ = {
			isa = PBXSourcesBuildPhase;
			buildActionMask = 2147483647;
			files = (
				9FAB228523510055004324E2 /* HttpStubInfo.swift in Sources */,
				9FAB228423510055004324E2 /* MockServer.swift in Sources */,
				9F5CB4D72352031100E8D039 /* ApplicationUITests.swift in Sources */,
				9FAB227823510055004324E2 /* BaseUITestCase.swift in Sources */,
				9F647DC72351FB160076D281 /* SearchStub.swift in Sources */,
				9F5CB4D92352032D00E8D039 /* NavigationUITests.swift in Sources */,
				9FAB228A23510B71004324E2 /* SearchUITests.swift in Sources */,
			);
			runOnlyForDeploymentPostprocessing = 0;
		};
/* End PBXSourcesBuildPhase section */

/* Begin PBXTargetDependency section */
		8BC33F5C21944CDF00E3759C /* PBXTargetDependency */ = {
			isa = PBXTargetDependency;
			target = 8BC33F4521944CDE00E3759C /* ABA Music */;
			targetProxy = 8BC33F5B21944CDF00E3759C /* PBXContainerItemProxy */;
		};
		8BC33F6721944CDF00E3759C /* PBXTargetDependency */ = {
			isa = PBXTargetDependency;
			target = 8BC33F4521944CDE00E3759C /* ABA Music */;
			targetProxy = 8BC33F6621944CDF00E3759C /* PBXContainerItemProxy */;
		};
/* End PBXTargetDependency section */

/* Begin PBXVariantGroup section */
		8BC33F5221944CDF00E3759C /* LaunchScreen.storyboard */ = {
			isa = PBXVariantGroup;
			children = (
				8BC33F5321944CDF00E3759C /* Base */,
			);
			name = LaunchScreen.storyboard;
			sourceTree = "<group>";
		};
/* End PBXVariantGroup section */

/* Begin XCBuildConfiguration section */
		8BC33F6C21944CDF00E3759C /* Debug */ = {
			isa = XCBuildConfiguration;
			buildSettings = {
				ALWAYS_SEARCH_USER_PATHS = NO;
				CLANG_ANALYZER_NONNULL = YES;
				CLANG_ANALYZER_NUMBER_OBJECT_CONVERSION = YES_AGGRESSIVE;
				CLANG_CXX_LANGUAGE_STANDARD = "gnu++14";
				CLANG_CXX_LIBRARY = "libc++";
				CLANG_ENABLE_MODULES = YES;
				CLANG_ENABLE_OBJC_ARC = YES;
				CLANG_ENABLE_OBJC_WEAK = YES;
				CLANG_WARN_BLOCK_CAPTURE_AUTORELEASING = YES;
				CLANG_WARN_BOOL_CONVERSION = YES;
				CLANG_WARN_COMMA = YES;
				CLANG_WARN_CONSTANT_CONVERSION = YES;
				CLANG_WARN_DEPRECATED_OBJC_IMPLEMENTATIONS = YES;
				CLANG_WARN_DIRECT_OBJC_ISA_USAGE = YES_ERROR;
				CLANG_WARN_DOCUMENTATION_COMMENTS = YES;
				CLANG_WARN_EMPTY_BODY = YES;
				CLANG_WARN_ENUM_CONVERSION = YES;
				CLANG_WARN_INFINITE_RECURSION = YES;
				CLANG_WARN_INT_CONVERSION = YES;
				CLANG_WARN_NON_LITERAL_NULL_CONVERSION = YES;
				CLANG_WARN_OBJC_IMPLICIT_RETAIN_SELF = YES;
				CLANG_WARN_OBJC_LITERAL_CONVERSION = YES;
				CLANG_WARN_OBJC_ROOT_CLASS = YES_ERROR;
				CLANG_WARN_RANGE_LOOP_ANALYSIS = YES;
				CLANG_WARN_STRICT_PROTOTYPES = YES;
				CLANG_WARN_SUSPICIOUS_MOVE = YES;
				CLANG_WARN_UNGUARDED_AVAILABILITY = YES_AGGRESSIVE;
				CLANG_WARN_UNREACHABLE_CODE = YES;
				CLANG_WARN__DUPLICATE_METHOD_MATCH = YES;
				CODE_SIGN_IDENTITY = "iPhone Developer";
				COPY_PHASE_STRIP = NO;
				DEBUG_INFORMATION_FORMAT = dwarf;
				ENABLE_STRICT_OBJC_MSGSEND = YES;
				ENABLE_TESTABILITY = YES;
				GCC_C_LANGUAGE_STANDARD = gnu11;
				GCC_DYNAMIC_NO_PIC = NO;
				GCC_NO_COMMON_BLOCKS = YES;
				GCC_OPTIMIZATION_LEVEL = 0;
				GCC_PREPROCESSOR_DEFINITIONS = (
					"DEBUG=1",
					"$(inherited)",
				);
				GCC_WARN_64_TO_32_BIT_CONVERSION = YES;
				GCC_WARN_ABOUT_RETURN_TYPE = YES_ERROR;
				GCC_WARN_UNDECLARED_SELECTOR = YES;
				GCC_WARN_UNINITIALIZED_AUTOS = YES_AGGRESSIVE;
				GCC_WARN_UNUSED_FUNCTION = YES;
				GCC_WARN_UNUSED_VARIABLE = YES;
				IPHONEOS_DEPLOYMENT_TARGET = 13.0;
				MTL_ENABLE_DEBUG_INFO = INCLUDE_SOURCE;
				MTL_FAST_MATH = YES;
				ONLY_ACTIVE_ARCH = YES;
				SDKROOT = iphoneos;
				SWIFT_ACTIVE_COMPILATION_CONDITIONS = DEBUG;
				SWIFT_OPTIMIZATION_LEVEL = "-Onone";
			};
			name = Debug;
		};
		8BC33F6D21944CDF00E3759C /* Release */ = {
			isa = XCBuildConfiguration;
			buildSettings = {
				ALWAYS_SEARCH_USER_PATHS = NO;
				CLANG_ANALYZER_NONNULL = YES;
				CLANG_ANALYZER_NUMBER_OBJECT_CONVERSION = YES_AGGRESSIVE;
				CLANG_CXX_LANGUAGE_STANDARD = "gnu++14";
				CLANG_CXX_LIBRARY = "libc++";
				CLANG_ENABLE_MODULES = YES;
				CLANG_ENABLE_OBJC_ARC = YES;
				CLANG_ENABLE_OBJC_WEAK = YES;
				CLANG_WARN_BLOCK_CAPTURE_AUTORELEASING = YES;
				CLANG_WARN_BOOL_CONVERSION = YES;
				CLANG_WARN_COMMA = YES;
				CLANG_WARN_CONSTANT_CONVERSION = YES;
				CLANG_WARN_DEPRECATED_OBJC_IMPLEMENTATIONS = YES;
				CLANG_WARN_DIRECT_OBJC_ISA_USAGE = YES_ERROR;
				CLANG_WARN_DOCUMENTATION_COMMENTS = YES;
				CLANG_WARN_EMPTY_BODY = YES;
				CLANG_WARN_ENUM_CONVERSION = YES;
				CLANG_WARN_INFINITE_RECURSION = YES;
				CLANG_WARN_INT_CONVERSION = YES;
				CLANG_WARN_NON_LITERAL_NULL_CONVERSION = YES;
				CLANG_WARN_OBJC_IMPLICIT_RETAIN_SELF = YES;
				CLANG_WARN_OBJC_LITERAL_CONVERSION = YES;
				CLANG_WARN_OBJC_ROOT_CLASS = YES_ERROR;
				CLANG_WARN_RANGE_LOOP_ANALYSIS = YES;
				CLANG_WARN_STRICT_PROTOTYPES = YES;
				CLANG_WARN_SUSPICIOUS_MOVE = YES;
				CLANG_WARN_UNGUARDED_AVAILABILITY = YES_AGGRESSIVE;
				CLANG_WARN_UNREACHABLE_CODE = YES;
				CLANG_WARN__DUPLICATE_METHOD_MATCH = YES;
				CODE_SIGN_IDENTITY = "iPhone Developer";
				COPY_PHASE_STRIP = NO;
				DEBUG_INFORMATION_FORMAT = "dwarf-with-dsym";
				ENABLE_NS_ASSERTIONS = NO;
				ENABLE_STRICT_OBJC_MSGSEND = YES;
				GCC_C_LANGUAGE_STANDARD = gnu11;
				GCC_NO_COMMON_BLOCKS = YES;
				GCC_WARN_64_TO_32_BIT_CONVERSION = YES;
				GCC_WARN_ABOUT_RETURN_TYPE = YES_ERROR;
				GCC_WARN_UNDECLARED_SELECTOR = YES;
				GCC_WARN_UNINITIALIZED_AUTOS = YES_AGGRESSIVE;
				GCC_WARN_UNUSED_FUNCTION = YES;
				GCC_WARN_UNUSED_VARIABLE = YES;
				IPHONEOS_DEPLOYMENT_TARGET = 13.0;
				MTL_ENABLE_DEBUG_INFO = NO;
				MTL_FAST_MATH = YES;
				SDKROOT = iphoneos;
				SWIFT_COMPILATION_MODE = wholemodule;
				SWIFT_OPTIMIZATION_LEVEL = "-O";
				VALIDATE_PRODUCT = YES;
			};
			name = Release;
		};
		8BC33F6F21944CDF00E3759C /* Debug */ = {
			isa = XCBuildConfiguration;
			baseConfigurationReference = 71DEC0EE01917AA36C5F79A0 /* Pods-ABA Music.debug.xcconfig */;
			buildSettings = {
				ASSETCATALOG_COMPILER_APPICON_NAME = AppIcon;
				CODE_SIGN_STYLE = Automatic;
				DEVELOPMENT_TEAM = "";
				INFOPLIST_FILE = "ABA Music/Info.plist";
				IPHONEOS_DEPLOYMENT_TARGET = 13.0;
				LD_RUNPATH_SEARCH_PATHS = (
					"$(inherited)",
					"@executable_path/Frameworks",
				);
				PRODUCT_BUNDLE_IDENTIFIER = "com.abaenglish.ABA-Music";
				PRODUCT_NAME = "$(TARGET_NAME)";
				SWIFT_VERSION = 5.0;
				TARGETED_DEVICE_FAMILY = "1,2";
			};
			name = Debug;
		};
		8BC33F7021944CDF00E3759C /* Release */ = {
			isa = XCBuildConfiguration;
			baseConfigurationReference = 8128708AB1E783950E2487E6 /* Pods-ABA Music.release.xcconfig */;
			buildSettings = {
				ASSETCATALOG_COMPILER_APPICON_NAME = AppIcon;
				CODE_SIGN_STYLE = Automatic;
				DEVELOPMENT_TEAM = "";
				INFOPLIST_FILE = "ABA Music/Info.plist";
				IPHONEOS_DEPLOYMENT_TARGET = 13.0;
				LD_RUNPATH_SEARCH_PATHS = (
					"$(inherited)",
					"@executable_path/Frameworks",
				);
				PRODUCT_BUNDLE_IDENTIFIER = "com.abaenglish.ABA-Music";
				PRODUCT_NAME = "$(TARGET_NAME)";
				SWIFT_VERSION = 5.0;
				TARGETED_DEVICE_FAMILY = "1,2";
			};
			name = Release;
		};
		8BC33F7221944CDF00E3759C /* Debug */ = {
			isa = XCBuildConfiguration;
			baseConfigurationReference = 5559EF89746914D3CD9937D8 /* Pods-ABA MusicTests.debug.xcconfig */;
			buildSettings = {
				BUNDLE_LOADER = "$(TEST_HOST)";
				"CODE_SIGN_IDENTITY[sdk=macosx*]" = "Apple Development";
				CODE_SIGN_STYLE = Automatic;
				INFOPLIST_FILE = "ABA MusicTests/Info.plist";
				LD_RUNPATH_SEARCH_PATHS = (
					"$(inherited)",
					"@executable_path/Frameworks",
					"@loader_path/Frameworks",
				);
				PRODUCT_BUNDLE_IDENTIFIER = "com.abaenglish.ABA-MusicTests";
				PRODUCT_NAME = "$(TARGET_NAME)";
				SWIFT_VERSION = 5.0;
				TARGETED_DEVICE_FAMILY = "1,2";
				TEST_HOST = "$(BUILT_PRODUCTS_DIR)/ABA Music.app/ABA Music";
			};
			name = Debug;
		};
		8BC33F7321944CDF00E3759C /* Release */ = {
			isa = XCBuildConfiguration;
			baseConfigurationReference = 581F2A21C841711C6B8A69A9 /* Pods-ABA MusicTests.release.xcconfig */;
			buildSettings = {
				BUNDLE_LOADER = "$(TEST_HOST)";
				"CODE_SIGN_IDENTITY[sdk=macosx*]" = "Apple Development";
				CODE_SIGN_STYLE = Automatic;
				INFOPLIST_FILE = "ABA MusicTests/Info.plist";
				LD_RUNPATH_SEARCH_PATHS = (
					"$(inherited)",
					"@executable_path/Frameworks",
					"@loader_path/Frameworks",
				);
				PRODUCT_BUNDLE_IDENTIFIER = "com.abaenglish.ABA-MusicTests";
				PRODUCT_NAME = "$(TARGET_NAME)";
				SWIFT_VERSION = 5.0;
				TARGETED_DEVICE_FAMILY = "1,2";
				TEST_HOST = "$(BUILT_PRODUCTS_DIR)/ABA Music.app/ABA Music";
			};
			name = Release;
		};
		8BC33F7521944CDF00E3759C /* Debug */ = {
			isa = XCBuildConfiguration;
			baseConfigurationReference = 1464AEF378D341A8EE5DA71D /* Pods-ABA MusicUITests.debug.xcconfig */;
			buildSettings = {
				CODE_SIGN_STYLE = Automatic;
				INFOPLIST_FILE = "ABA MusicUITests/Info.plist";
				LD_RUNPATH_SEARCH_PATHS = (
					"$(inherited)",
					"@executable_path/Frameworks",
					"@loader_path/Frameworks",
				);
				PRODUCT_BUNDLE_IDENTIFIER = "com.abaenglish.ABA-MusicUITests";
				PRODUCT_NAME = "$(TARGET_NAME)";
				SWIFT_VERSION = 5.0;
				TARGETED_DEVICE_FAMILY = "1,2";
				TEST_TARGET_NAME = "ABA Music";
			};
			name = Debug;
		};
		8BC33F7621944CDF00E3759C /* Release */ = {
			isa = XCBuildConfiguration;
			baseConfigurationReference = 45ED02C84F597252B53B6A63 /* Pods-ABA MusicUITests.release.xcconfig */;
			buildSettings = {
				CODE_SIGN_STYLE = Automatic;
				INFOPLIST_FILE = "ABA MusicUITests/Info.plist";
				LD_RUNPATH_SEARCH_PATHS = (
					"$(inherited)",
					"@executable_path/Frameworks",
					"@loader_path/Frameworks",
				);
				PRODUCT_BUNDLE_IDENTIFIER = "com.abaenglish.ABA-MusicUITests";
				PRODUCT_NAME = "$(TARGET_NAME)";
				SWIFT_VERSION = 5.0;
				TARGETED_DEVICE_FAMILY = "1,2";
				TEST_TARGET_NAME = "ABA Music";
			};
			name = Release;
		};
/* End XCBuildConfiguration section */

/* Begin XCConfigurationList section */
		8BC33F4121944CDE00E3759C /* Build configuration list for PBXProject "ABA Music" */ = {
			isa = XCConfigurationList;
			buildConfigurations = (
				8BC33F6C21944CDF00E3759C /* Debug */,
				8BC33F6D21944CDF00E3759C /* Release */,
			);
			defaultConfigurationIsVisible = 0;
			defaultConfigurationName = Release;
		};
		8BC33F6E21944CDF00E3759C /* Build configuration list for PBXNativeTarget "ABA Music" */ = {
			isa = XCConfigurationList;
			buildConfigurations = (
				8BC33F6F21944CDF00E3759C /* Debug */,
				8BC33F7021944CDF00E3759C /* Release */,
			);
			defaultConfigurationIsVisible = 0;
			defaultConfigurationName = Release;
		};
		8BC33F7121944CDF00E3759C /* Build configuration list for PBXNativeTarget "ABA MusicTests" */ = {
			isa = XCConfigurationList;
			buildConfigurations = (
				8BC33F7221944CDF00E3759C /* Debug */,
				8BC33F7321944CDF00E3759C /* Release */,
			);
			defaultConfigurationIsVisible = 0;
			defaultConfigurationName = Release;
		};
		8BC33F7421944CDF00E3759C /* Build configuration list for PBXNativeTarget "ABA MusicUITests" */ = {
			isa = XCConfigurationList;
			buildConfigurations = (
				8BC33F7521944CDF00E3759C /* Debug */,
				8BC33F7621944CDF00E3759C /* Release */,
			);
			defaultConfigurationIsVisible = 0;
			defaultConfigurationName = Release;
		};
/* End XCConfigurationList section */
	};
	rootObject = 8BC33F3E21944CDE00E3759C /* Project object */;
}
